<?xml version="1.0" encoding="utf-8"?>
<Project ToolsVersion="4.0" xmlns="http://schemas.microsoft.com/developer/msbuild/2003">
  <ItemGroup>
    <Filter Include="리소스 파일">
      <UniqueIdentifier>{67DA6AB6-F800-4c08-8B7A-83BB121AAD01}</UniqueIdentifier>
      <Extensions>rc;ico;cur;bmp;dlg;rc2;rct;bin;rgs;gif;jpg;jpeg;jpe;resx;tiff;tif;png;wav;mfcribbon-ms</Extensions>
    </Filter>
    <Filter Include="System">
      <UniqueIdentifier>{a8a64814-a9ea-46e8-925d-0c353bee06f8}</UniqueIdentifier>
    </Filter>
    <Filter Include="System\Core">
      <UniqueIdentifier>{96154897-8f29-4504-a76b-6b75d59fc972}</UniqueIdentifier>
    </Filter>
    <Filter Include="System\Tag">
      <UniqueIdentifier>{f1f166f9-6f23-44c6-a4b5-f89c45bb628a}</UniqueIdentifier>
    </Filter>
    <Filter Include="System\Entity">
      <UniqueIdentifier>{d4843edf-c82d-4b8c-9777-f0fe790cd2b4}</UniqueIdentifier>
    </Filter>
    <Filter Include="System\Common">
      <UniqueIdentifier>{dc21c430-5115-4f73-a121-bad0ca38ffd8}</UniqueIdentifier>
    </Filter>
    <Filter Include="System\Common\Headers">
      <UniqueIdentifier>{f8d21ac6-5953-4039-99d5-200ef1be9147}</UniqueIdentifier>
    </Filter>
    <Filter Include="System\Common\Enum">
      <UniqueIdentifier>{625d38a4-c8cf-4c3a-a9f0-0396dd160c62}</UniqueIdentifier>
    </Filter>
    <Filter Include="System\Component">
      <UniqueIdentifier>{b8da5ab5-35c2-4d95-8901-4c91c6e9cf38}</UniqueIdentifier>
    </Filter>
    <Filter Include="Assets">
      <UniqueIdentifier>{6b87754a-2fd6-4a9d-acd1-410ff93dbd32}</UniqueIdentifier>
    </Filter>
    <Filter Include="Assets\Entities">
      <UniqueIdentifier>{8295da09-a9e3-44cb-8fe9-8621fe6f19bc}</UniqueIdentifier>
    </Filter>
    <Filter Include="System\Scene">
      <UniqueIdentifier>{20de01e8-baf7-460e-b577-39dd836ee16f}</UniqueIdentifier>
    </Filter>
    <Filter Include="System\Layer">
      <UniqueIdentifier>{02a105ca-407f-4453-a1ac-c49f03924b11}</UniqueIdentifier>
    </Filter>
    <Filter Include="System\Time">
      <UniqueIdentifier>{4de1529e-f064-44a9-81bf-ac7985236ae5}</UniqueIdentifier>
    </Filter>
    <Filter Include="System\Input">
      <UniqueIdentifier>{8002bd9c-7552-479b-9b8f-9f10618cb259}</UniqueIdentifier>
    </Filter>
    <Filter Include="System\Managers">
      <UniqueIdentifier>{88054002-84bd-4e86-af18-d047501484cd}</UniqueIdentifier>
    </Filter>
    <Filter Include="Assets\Scenes">
      <UniqueIdentifier>{b7588283-c165-44a5-8fea-a3f873219dbe}</UniqueIdentifier>
    </Filter>
    <Filter Include="System\Common\Loader">
      <UniqueIdentifier>{c7603746-67cc-4a0d-a252-cc1182856ecf}</UniqueIdentifier>
    </Filter>
    <Filter Include="System\Common\Global">
      <UniqueIdentifier>{4dc1983d-bfd7-4df1-8633-8e2348c748e7}</UniqueIdentifier>
    </Filter>
    <Filter Include="System\Common\Math">
      <UniqueIdentifier>{a4c51c59-20d0-4a72-b28c-4949a948f67e}</UniqueIdentifier>
    </Filter>
    <Filter Include="System\Component\Components">
      <UniqueIdentifier>{15da83b7-909b-4fb6-8bba-85617e445e51}</UniqueIdentifier>
    </Filter>
    <Filter Include="System\Component\Components\Transform">
      <UniqueIdentifier>{b6f7b641-9e44-4c0e-ba09-d87a1f8b1fee}</UniqueIdentifier>
    </Filter>
    <Filter Include="System\Component\Components\Script">
      <UniqueIdentifier>{e35bf34f-b4bf-4d23-8e34-0ca0e3968955}</UniqueIdentifier>
    </Filter>
    <Filter Include="Assets\Scripts">
      <UniqueIdentifier>{2e2b9fa9-8a0a-498d-89f8-74a18fb46ea8}</UniqueIdentifier>
    </Filter>
    <Filter Include="System\GC">
      <UniqueIdentifier>{157a384a-4b4d-497f-887c-9b31508859db}</UniqueIdentifier>
    </Filter>
    <Filter Include="System\Common\Utilities">
      <UniqueIdentifier>{29a67902-12f7-4c29-8596-7a4fce18a027}</UniqueIdentifier>
    </Filter>
    <Filter Include="System\Resource">
      <UniqueIdentifier>{f92efa1b-4ee0-4d7a-bce8-fab391f19c0a}</UniqueIdentifier>
    </Filter>
    <Filter Include="System\Resource\Texture">
      <UniqueIdentifier>{87625d76-b617-43c3-90fd-c717a34a8e07}</UniqueIdentifier>
    </Filter>
    <Filter Include="System\Managers\ResourceManager">
      <UniqueIdentifier>{75aa3362-644e-43fe-b1d8-d504f8c229b0}</UniqueIdentifier>
    </Filter>
    <Filter Include="System\Managers\SceneManager">
      <UniqueIdentifier>{69f4bce5-ec05-46f0-9fa1-eae5083d5cfd}</UniqueIdentifier>
    </Filter>
    <Filter Include="리소스 파일\Image">
      <UniqueIdentifier>{21aecd95-3994-45c4-a1e1-6274df26864b}</UniqueIdentifier>
    </Filter>
    <Filter Include="System\Component\Components\Camera">
      <UniqueIdentifier>{e691a40e-7df4-4b09-a8a1-162d836b1c08}</UniqueIdentifier>
    </Filter>
    <Filter Include="System\Common\CoreFunction">
      <UniqueIdentifier>{83f6d7d1-cb2b-4139-b2d5-b9209cc6220d}</UniqueIdentifier>
    </Filter>
    <Filter Include="System\Managers\GDI+">
      <UniqueIdentifier>{d7d91444-aa74-4a5c-a66e-1413dfe1ca6e}</UniqueIdentifier>
    </Filter>
    <Filter Include="System\Managers\CameraManager">
      <UniqueIdentifier>{9f001142-6cc6-440a-bfe4-2828937f9de2}</UniqueIdentifier>
    </Filter>
    <Filter Include="Assets\Entities\TestEntity2">
      <UniqueIdentifier>{2db4551c-2873-4a56-951a-690e5fa6fc2c}</UniqueIdentifier>
    </Filter>
    <Filter Include="Assets\Scripts\TestScript2">
      <UniqueIdentifier>{047c3883-c69a-4db5-8d76-60bf528c8d9a}</UniqueIdentifier>
    </Filter>
    <Filter Include="Assets\Scripts\TestScript">
      <UniqueIdentifier>{7a9ac868-240a-43fb-bef5-8f2e896b894a}</UniqueIdentifier>
    </Filter>
    <Filter Include="Assets\Entities\TestEntity">
      <UniqueIdentifier>{9d981229-1afe-4803-b72a-eb660577956c}</UniqueIdentifier>
    </Filter>
    <Filter Include="System\Resource\Animation">
      <UniqueIdentifier>{d2a7f7d0-7b14-4275-ab54-15f66ad0c6e2}</UniqueIdentifier>
    </Filter>
    <Filter Include="System\Component\Components\Renderer">
      <UniqueIdentifier>{31b22b00-ae92-48e8-bb59-47cf81343571}</UniqueIdentifier>
    </Filter>
    <Filter Include="System\Component\Components\Render">
      <UniqueIdentifier>{6f289ebb-14fe-4b63-8497-1ddf3b74ab5a}</UniqueIdentifier>
    </Filter>
    <Filter Include="System\Component\Components\Render\Sprite">
      <UniqueIdentifier>{4a78cc80-704c-42b1-95c5-df81b3fb0549}</UniqueIdentifier>
    </Filter>
    <Filter Include="System\Component\Components\Render\Animator">
      <UniqueIdentifier>{51cb24f4-bbb6-4858-9c2c-d1a0ff9a7d1f}</UniqueIdentifier>
    </Filter>
    <Filter Include="System\Component\Components\Render\Animator\AnimationScript">
      <UniqueIdentifier>{666d717f-572b-40b8-ad65-99787cbe7c1e}</UniqueIdentifier>
    </Filter>
    <Filter Include="System\Component\Components\Render\Animator\AnimationScript\Temp">
      <UniqueIdentifier>{cd2b9652-4f78-43e8-a56b-9a1c13efa3e3}</UniqueIdentifier>
    </Filter>
    <Filter Include="System\Component\Components\Render\Animator\AnimationScript\Temp\Test">
      <UniqueIdentifier>{b489351a-de87-472a-870b-14287e2dc7ac}</UniqueIdentifier>
    </Filter>
  </ItemGroup>
  <ItemGroup>
    <ClInclude Include="framework.h">
      <Filter>System\Common\Headers</Filter>
    </ClInclude>
    <ClInclude Include="WinResource.h">
      <Filter>System\Common\Headers</Filter>
    </ClInclude>
    <ClInclude Include="GameCore.h">
      <Filter>System\Core</Filter>
    </ClInclude>
    <ClInclude Include="Tag.h">
      <Filter>System\Tag</Filter>
    </ClInclude>
    <ClInclude Include="Entity.h">
      <Filter>System\Entity</Filter>
    </ClInclude>
    <ClInclude Include="Enums.h">
      <Filter>System\Common\Enum</Filter>
    </ClInclude>
    <ClInclude Include="Component.h">
      <Filter>System\Component</Filter>
    </ClInclude>
    <ClInclude Include="Scene.h">
      <Filter>System\Scene</Filter>
    </ClInclude>
    <ClInclude Include="Layer.h">
      <Filter>System\Layer</Filter>
    </ClInclude>
    <ClInclude Include="Time.h">
      <Filter>System\Time</Filter>
    </ClInclude>
    <ClInclude Include="CommonFunctions.h">
      <Filter>System\Common\Utilities</Filter>
    </ClInclude>
    <ClInclude Include="Input.h">
      <Filter>System\Input</Filter>
    </ClInclude>
    <ClInclude Include="SceneLoader.h">
      <Filter>System\Common\Loader</Filter>
    </ClInclude>
    <ClInclude Include="TestScene.h">
      <Filter>Assets\Scenes</Filter>
    </ClInclude>
    <ClInclude Include="Global.h">
      <Filter>System\Common\Global</Filter>
    </ClInclude>
    <ClInclude Include="Math.h">
      <Filter>System\Common\Math</Filter>
    </ClInclude>
    <ClInclude Include="Transform.h">
      <Filter>System\Component\Components\Transform</Filter>
    </ClInclude>
    <ClInclude Include="Script.h">
      <Filter>System\Component\Components\Script</Filter>
    </ClInclude>
    <ClInclude Include="GC.h">
      <Filter>System\GC</Filter>
    </ClInclude>
    <ClInclude Include="Resource.h">
      <Filter>System\Resource</Filter>
    </ClInclude>
    <ClInclude Include="Texture.h">
      <Filter>System\Resource\Texture</Filter>
    </ClInclude>
    <ClInclude Include="ResourceManager.h">
      <Filter>System\Managers\ResourceManager</Filter>
    </ClInclude>
    <ClInclude Include="SceneManager.h">
      <Filter>System\Managers\SceneManager</Filter>
    </ClInclude>
    <ClInclude Include="Sprite.h">
      <Filter>System\Component\Components\Render\Sprite</Filter>
    </ClInclude>
    <ClInclude Include="ResourceLoader.h">
      <Filter>System\Common\Loader</Filter>
    </ClInclude>
    <ClInclude Include="Camera.h">
      <Filter>System\Component\Components\Camera</Filter>
    </ClInclude>
    <ClInclude Include="CoreFunction.h">
      <Filter>System\Common\CoreFunction</Filter>
    </ClInclude>
    <ClInclude Include="GDIPManager.h">
      <Filter>System\Managers\GDI+</Filter>
    </ClInclude>
    <ClInclude Include="CameraManager.h">
      <Filter>System\Managers\CameraManager</Filter>
    </ClInclude>
    <ClInclude Include="TestEntity2.h">
      <Filter>Assets\Entities\TestEntity2</Filter>
    </ClInclude>
    <ClInclude Include="TestScript2.h">
      <Filter>Assets\Scripts\TestScript2</Filter>
    </ClInclude>
    <ClInclude Include="TestScript.h">
      <Filter>Assets\Scripts\TestScript</Filter>
    </ClInclude>
    <ClInclude Include="TestEntity.h">
      <Filter>Assets\Entities\TestEntity</Filter>
    </ClInclude>
    <ClInclude Include="Animation.h">
      <Filter>System\Resource\Animation</Filter>
    </ClInclude>
    <ClInclude Include="ImageLoader.h">
      <Filter>System\Common\Loader</Filter>
    </ClInclude>
    <ClInclude Include="Animator.h">
      <Filter>System\Component\Components\Render\Animator</Filter>
    </ClInclude>
    <ClInclude Include="Renderer.h">
      <Filter>System\Component\Components\Renderer</Filter>
    </ClInclude>
    <ClInclude Include="RenderComponent.h">
      <Filter>System\Component\Components\Render</Filter>
    </ClInclude>
    <ClInclude Include="AnimationScript.h">
      <Filter>System\Component\Components\Render\Animator\AnimationScript\Temp</Filter>
    </ClInclude>
    <ClInclude Include="ASTest.h">
      <Filter>System\Component\Components\Render\Animator\AnimationScript\Temp\Test</Filter>
    </ClInclude>
  </ItemGroup>
  <ItemGroup>
    <ClCompile Include="WinEngine.cpp" />
    <ClCompile Include="GameCore.cpp">
      <Filter>System\Core</Filter>
    </ClCompile>
    <ClCompile Include="Tag.cpp">
      <Filter>System\Tag</Filter>
    </ClCompile>
    <ClCompile Include="Entity.cpp">
      <Filter>System\Entity</Filter>
    </ClCompile>
    <ClCompile Include="Component.cpp">
      <Filter>System\Component</Filter>
    </ClCompile>
    <ClCompile Include="Scene.cpp">
      <Filter>System\Scene</Filter>
    </ClCompile>
    <ClCompile Include="Layer.cpp">
      <Filter>System\Layer</Filter>
    </ClCompile>
    <ClCompile Include="Time.cpp">
      <Filter>System\Time</Filter>
    </ClCompile>
    <ClCompile Include="Input.cpp">
      <Filter>System\Input</Filter>
    </ClCompile>
    <ClCompile Include="TestScene.cpp">
      <Filter>Assets\Scenes</Filter>
    </ClCompile>
    <ClCompile Include="Math.cpp">
      <Filter>System\Common\Math</Filter>
    </ClCompile>
    <ClCompile Include="Transform.cpp">
      <Filter>System\Component\Components\Transform</Filter>
    </ClCompile>
    <ClCompile Include="Script.cpp">
      <Filter>System\Component\Components\Script</Filter>
    </ClCompile>
    <ClCompile Include="GC.cpp">
      <Filter>System\GC</Filter>
    </ClCompile>
    <ClCompile Include="Resource.cpp">
      <Filter>System\Resource</Filter>
    </ClCompile>
    <ClCompile Include="Texture.cpp">
      <Filter>System\Resource\Texture</Filter>
    </ClCompile>
    <ClCompile Include="ResourceManager.cpp">
      <Filter>System\Managers\ResourceManager</Filter>
    </ClCompile>
    <ClCompile Include="SceneManager.cpp">
      <Filter>System\Managers\SceneManager</Filter>
    </ClCompile>
    <ClCompile Include="Sprite.cpp">
      <Filter>System\Component\Components\Render\Sprite</Filter>
    </ClCompile>
    <ClCompile Include="Camera.cpp">
      <Filter>System\Component\Components\Camera</Filter>
    </ClCompile>
    <ClCompile Include="CoreFunction.cpp">
      <Filter>System\Common\CoreFunction</Filter>
    </ClCompile>
    <ClCompile Include="GDIPManager.cpp">
      <Filter>System\Managers\GDI+</Filter>
    </ClCompile>
    <ClCompile Include="CameraManager.cpp">
      <Filter>System\Managers\CameraManager</Filter>
    </ClCompile>
    <ClCompile Include="TestEntity2.cpp">
      <Filter>Assets\Entities\TestEntity2</Filter>
    </ClCompile>
    <ClCompile Include="TestScript2.cpp">
      <Filter>Assets\Scripts\TestScript2</Filter>
    </ClCompile>
    <ClCompile Include="TestScript.cpp">
      <Filter>Assets\Scripts\TestScript</Filter>
    </ClCompile>
    <ClCompile Include="TestEntity.cpp">
      <Filter>Assets\Entities\TestEntity</Filter>
    </ClCompile>
    <ClCompile Include="Animation.cpp">
      <Filter>System\Resource\Animation</Filter>
    </ClCompile>
    <ClCompile Include="Animator.cpp">
      <Filter>System\Component\Components\Render\Animator</Filter>
    </ClCompile>
    <ClCompile Include="Renderer.cpp">
      <Filter>System\Component\Components\Renderer</Filter>
    </ClCompile>
    <ClCompile Include="RenderComponent.cpp">
      <Filter>System\Component\Components\Render</Filter>
    </ClCompile>
    <ClCompile Include="AnimationScript.cpp">
      <Filter>System\Component\Components\Render\Animator\AnimationScript\Temp</Filter>
    </ClCompile>
    <ClCompile Include="ASTest.cpp">
      <Filter>System\Component\Components\Render\Animator\AnimationScript\Temp\Test</Filter>
    </ClCompile>
  </ItemGroup>
  <ItemGroup>
    <Image Include="res\image\Snipe.jpg">
      <Filter>리소스 파일\Image</Filter>
    </Image>
    <Image Include="res\image\plgblt.bmp">
      <Filter>리소스 파일\Image</Filter>
    </Image>
    <Image Include="res\image\mask.bmp">
      <Filter>리소스 파일\Image</Filter>
    </Image>
    <Image Include="res\image\cowmask.bmp">
      <Filter>리소스 파일\Image</Filter>
    </Image>
    <Image Include="res\image\cowmask2.bmp">
      <Filter>리소스 파일\Image</Filter>
    </Image>
    <Image Include="res\image\flycow2.bmp">
      <Filter>리소스 파일\Image</Filter>
    </Image>
    <Image Include="res\image\pixels.bmp">
      <Filter>리소스 파일\Image</Filter>
    </Image>
    <Image Include="res\image\pixel.bmp">
      <Filter>리소스 파일\Image</Filter>
    </Image>
    <Image Include="res\image\flycow.bmp">
      <Filter>리소스 파일\Image</Filter>
    </Image>
    <Image Include="res\image\full.bmp">
      <Filter>리소스 파일\Image</Filter>
    </Image>
    <Image Include="res\image\Cat.bmp">
      <Filter>리소스 파일\Image</Filter>
    </Image>
  </ItemGroup>
</Project>